
Microsoft Visual Studio Solution File, Format Version 12.00
# Visual Studio Version 17
VisualStudioVersion = 17.7.34221.43
MinimumVisualStudioVersion = 10.0.40219.1
Project("{FAE04EC0-301F-11D3-BF4B-00C04F79EFBC}") = "Secoya_BPNN", "Secoya_BPNN\Secoya_BPNN.csproj", "{D1D2944E-D80D-4675-A21B-1E32C064AF9B}"
EndProject
Global
	GlobalSection(SolutionConfigurationPlatforms) = preSolution
		Debug|Any CPU = Debug|Any CPU
		Release|Any CPU = Release|Any CPU
	EndGlobalSection
	GlobalSection(ProjectConfigurationPlatforms) = postSolution
		{D1D2944E-D80D-4675-A21B-1E32C064AF9B}.Debug|Any CPU.ActiveCfg = Debug|Any CPU
		{D1D2944E-D80D-4675-A21B-1E32C064AF9B}.Debug|Any CPU.Build.0 = Debug|Any CPU
		{D1D2944E-D80D-4675-A21B-1E32C064AF9B}.Release|Any CPU.ActiveCfg = Release|Any CPU
		{D1D2944E-D80D-4675-A21B-1E32C064AF9B}.Release|Any CPU.Build.0 = Release|Any CPU
	EndGlobalSection
	GlobalSection(SolutionProperties) = preSolution
		HideSolutionNode = FALSE
	EndGlobalSection
	GlobalSection(ExtensibilityGlobals) = postSolution
		SolutionGuid = {5F129777-C407-4AAF-BCBC-99B1383AB9FF}
	EndGlobalSection
EndGlobal
